
Microsoft Visual Studio Solution File, Format Version 12.00
# Visual Studio Version 16
VisualStudioVersion = 16.0.31205.134
MinimumVisualStudioVersion = 10.0.40219.1
Project("{FAE04EC0-301F-11D3-BF4B-00C04F79EFBC}") = "ClientC2", "ClientC2\ClientC2.csproj", "{BC3F0A25-4369-4A4A-9377-73F2CDE81356}"
EndProject
Project("{FAE04EC0-301F-11D3-BF4B-00C04F79EFBC}") = "ServerC2", "ServerC2\ServerC2.csproj", "{E257200B-AE49-4461-BEC6-8496BE48EE39}"
EndProject
Global
	GlobalSection(SolutionConfigurationPlatforms) = preSolution
		Debug|Any CPU = Debug|Any CPU
		Release|Any CPU = Release|Any CPU
	EndGlobalSection
	GlobalSection(ProjectConfigurationPlatforms) = postSolution
		{BC3F0A25-4369-4A4A-9377-73F2CDE81356}.Debug|Any CPU.ActiveCfg = Debug|Any CPU
		{BC3F0A25-4369-4A4A-9377-73F2CDE81356}.Debug|Any CPU.Build.0 = Debug|Any CPU
		{BC3F0A25-4369-4A4A-9377-73F2CDE81356}.Release|Any CPU.ActiveCfg = Release|Any CPU
		{BC3F0A25-4369-4A4A-9377-73F2CDE81356}.Release|Any CPU.Build.0 = Release|Any CPU
		{E257200B-AE49-4461-BEC6-8496BE48EE39}.Debug|Any CPU.ActiveCfg = Debug|Any CPU
		{E257200B-AE49-4461-BEC6-8496BE48EE39}.Debug|Any CPU.Build.0 = Debug|Any CPU
		{E257200B-AE49-4461-BEC6-8496BE48EE39}.Release|Any CPU.ActiveCfg = Release|Any CPU
		{E257200B-AE49-4461-BEC6-8496BE48EE39}.Release|Any CPU.Build.0 = Release|Any CPU
	EndGlobalSection
	GlobalSection(SolutionProperties) = preSolution
		HideSolutionNode = FALSE
	EndGlobalSection
	GlobalSection(ExtensibilityGlobals) = postSolution
		SolutionGuid = {FCF05755-1026-49A2-9C75-F6B7233C7F09}
	EndGlobalSection
EndGlobal
